
Microsoft Visual Studio Solution File, Format Version 12.00
# Visual Studio Version 17
VisualStudioVersion = 17.0.31903.59
MinimumVisualStudioVersion = 10.0.40219.1
Project("{2150E333-8FDC-42A3-9474-1A3956D46DE8}") = "src", "src", "{D2B9E4CA-FF49-4BBC-9B9C-1DE7A1D63997}"
EndProject
Project("{FAE04EC0-301F-11D3-BF4B-00C04F79EFBC}") = "MicaSound.Core", "src\MicaSound.Core\MicaSound.Core.csproj", "{E2890F5A-69AF-481F-BAF1-AFCFFD018D54}"
EndProject
Project("{FAE04EC0-301F-11D3-BF4B-00C04F79EFBC}") = "MicaSound.ApiHost", "src\MicaSound.ApiHost\MicaSound.ApiHost.csproj", "{03501C30-94AC-414E-8A76-69805D8EB456}"
EndProject
Project("{FAE04EC0-301F-11D3-BF4B-00C04F79EFBC}") = "MicaSound.Cli", "src\MicaSound.Cli\MicaSound.Cli.csproj", "{8D2C40DA-77F4-47DF-A622-F350C3579941}"
EndProject
Project("{FAE04EC0-301F-11D3-BF4B-00C04F79EFBC}") = "MicaSound.App", "src\MicaSound.App\MicaSound.App.csproj", "{82B1A7F9-67D8-4AD1-8239-B4D8837526A3}"
EndProject
Global
	GlobalSection(SolutionConfigurationPlatforms) = preSolution
		Debug|Any CPU = Debug|Any CPU
		Release|Any CPU = Release|Any CPU
	EndGlobalSection
	GlobalSection(SolutionProperties) = preSolution
		HideSolutionNode = FALSE
	EndGlobalSection
	GlobalSection(ProjectConfigurationPlatforms) = postSolution
		{E2890F5A-69AF-481F-BAF1-AFCFFD018D54}.Debug|Any CPU.ActiveCfg = Debug|Any CPU
		{E2890F5A-69AF-481F-BAF1-AFCFFD018D54}.Debug|Any CPU.Build.0 = Debug|Any CPU
		{E2890F5A-69AF-481F-BAF1-AFCFFD018D54}.Release|Any CPU.ActiveCfg = Release|Any CPU
		{E2890F5A-69AF-481F-BAF1-AFCFFD018D54}.Release|Any CPU.Build.0 = Release|Any CPU
		{03501C30-94AC-414E-8A76-69805D8EB456}.Debug|Any CPU.ActiveCfg = Debug|Any CPU
		{03501C30-94AC-414E-8A76-69805D8EB456}.Debug|Any CPU.Build.0 = Debug|Any CPU
		{03501C30-94AC-414E-8A76-69805D8EB456}.Release|Any CPU.ActiveCfg = Release|Any CPU
		{03501C30-94AC-414E-8A76-69805D8EB456}.Release|Any CPU.Build.0 = Release|Any CPU
		{8D2C40DA-77F4-47DF-A622-F350C3579941}.Debug|Any CPU.ActiveCfg = Debug|Any CPU
		{8D2C40DA-77F4-47DF-A622-F350C3579941}.Debug|Any CPU.Build.0 = Debug|Any CPU
		{8D2C40DA-77F4-47DF-A622-F350C3579941}.Release|Any CPU.ActiveCfg = Release|Any CPU
		{8D2C40DA-77F4-47DF-A622-F350C3579941}.Release|Any CPU.Build.0 = Release|Any CPU
		{82B1A7F9-67D8-4AD1-8239-B4D8837526A3}.Debug|Any CPU.ActiveCfg = Debug|x64
		{82B1A7F9-67D8-4AD1-8239-B4D8837526A3}.Debug|Any CPU.Build.0 = Debug|x64
		{82B1A7F9-67D8-4AD1-8239-B4D8837526A3}.Release|Any CPU.ActiveCfg = Release|x64
		{82B1A7F9-67D8-4AD1-8239-B4D8837526A3}.Release|Any CPU.Build.0 = Release|x64
	EndGlobalSection
	GlobalSection(NestedProjects) = preSolution
		{E2890F5A-69AF-481F-BAF1-AFCFFD018D54} = {D2B9E4CA-FF49-4BBC-9B9C-1DE7A1D63997}
		{03501C30-94AC-414E-8A76-69805D8EB456} = {D2B9E4CA-FF49-4BBC-9B9C-1DE7A1D63997}
		{8D2C40DA-77F4-47DF-A622-F350C3579941} = {D2B9E4CA-FF49-4BBC-9B9C-1DE7A1D63997}
		{82B1A7F9-67D8-4AD1-8239-B4D8837526A3} = {D2B9E4CA-FF49-4BBC-9B9C-1DE7A1D63997}
	EndGlobalSection
EndGlobal
